// !$*UTF8*$!
{
	archiveVersion = 1;
	classes = {
	};
	objectVersion = 55;
	objects = {

/* Begin PBXBuildFile section */
		3C6EFC7D2796C00E00F0DA0F /* Tests_iOS.swift in Sources */ = {isa = PBXBuildFile; fileRef = 3C6EFC7C2796C00E00F0DA0F /* Tests_iOS.swift */; };
		3C6EFC7F2796C00E00F0DA0F /* Tests_iOSLaunchTests.swift in Sources */ = {isa = PBXBuildFile; fileRef = 3C6EFC7E2796C00E00F0DA0F /* Tests_iOSLaunchTests.swift */; };
		3C6EFC892796C00E00F0DA0F /* Tests_macOS.swift in Sources */ = {isa = PBXBuildFile; fileRef = 3C6EFC882796C00E00F0DA0F /* Tests_macOS.swift */; };
		3C6EFC8B2796C00E00F0DA0F /* Tests_macOSLaunchTests.swift in Sources */ = {isa = PBXBuildFile; fileRef = 3C6EFC8A2796C00E00F0DA0F /* Tests_macOSLaunchTests.swift */; };
		3C6EFC8C2796C00E00F0DA0F /* CryptoCalcApp.swift in Sources */ = {isa = PBXBuildFile; fileRef = 3C6EFC642796C00C00F0DA0F /* CryptoCalcApp.swift */; };
		3C6EFC8D2796C00E00F0DA0F /* CryptoCalcApp.swift in Sources */ = {isa = PBXBuildFile; fileRef = 3C6EFC642796C00C00F0DA0F /* CryptoCalcApp.swift */; };
		3C6EFC8E2796C00E00F0DA0F /* ContentView.swift in Sources */ = {isa = PBXBuildFile; fileRef = 3C6EFC652796C00C00F0DA0F /* ContentView.swift */; };
		3C6EFC8F2796C00E00F0DA0F /* ContentView.swift in Sources */ = {isa = PBXBuildFile; fileRef = 3C6EFC652796C00C00F0DA0F /* ContentView.swift */; };
		3C6EFC902796C00E00F0DA0F /* Assets.xcassets in Resources */ = {isa = PBXBuildFile; fileRef = 3C6EFC662796C00D00F0DA0F /* Assets.xcassets */; };
		3C6EFC912796C00E00F0DA0F /* Assets.xcassets in Resources */ = {isa = PBXBuildFile; fileRef = 3C6EFC662796C00D00F0DA0F /* Assets.xcassets */; };
/* End PBXBuildFile section */

/* Begin PBXContainerItemProxy section */
		3C6EFC792796C00E00F0DA0F /* PBXContainerItemProxy */ = {
			isa = PBXContainerItemProxy;
			containerPortal = 3C6EFC5F2796C00C00F0DA0F /* Project object */;
			proxyType = 1;
			remoteGlobalIDString = 3C6EFC6A2796C00D00F0DA0F;
			remoteInfo = "CryptoCalc (iOS)";
		};
		3C6EFC852796C00E00F0DA0F /* PBXContainerItemProxy */ = {
			isa = PBXContainerItemProxy;
			containerPortal = 3C6EFC5F2796C00C00F0DA0F /* Project object */;
			proxyType = 1;
			remoteGlobalIDString = 3C6EFC702796C00E00F0DA0F;
			remoteInfo = "CryptoCalc (macOS)";
		};
/* End PBXContainerItemProxy section */

/* Begin PBXFileReference section */
		3C6EFC642796C00C00F0DA0F /* CryptoCalcApp.swift */ = {isa = PBXFileReference; lastKnownFileType = sourcecode.swift; path = CryptoCalcApp.swift; sourceTree = "<group>"; };
		3C6EFC652796C00C00F0DA0F /* ContentView.swift */ = {isa = PBXFileReference; lastKnownFileType = sourcecode.swift; path = ContentView.swift; sourceTree = "<group>"; };
		3C6EFC662796C00D00F0DA0F /* Assets.xcassets */ = {isa = PBXFileReference; lastKnownFileType = folder.assetcatalog; path = Assets.xcassets; sourceTree = "<group>"; };
		3C6EFC6B2796C00D00F0DA0F /* CryptoCalc.app */ = {isa = PBXFileReference; explicitFileType = wrapper.application; includeInIndex = 0; path = CryptoCalc.app; sourceTree = BUILT_PRODUCTS_DIR; };
		3C6EFC712796C00E00F0DA0F /* CryptoCalc.app */ = {isa = PBXFileReference; explicitFileType = wrapper.application; includeInIndex = 0; path = CryptoCalc.app; sourceTree = BUILT_PRODUCTS_DIR; };
		3C6EFC732796C00E00F0DA0F /* macOS.entitlements */ = {isa = PBXFileReference; lastKnownFileType = text.plist.entitlements; path = macOS.entitlements; sourceTree = "<group>"; };
		3C6EFC782796C00E00F0DA0F /* Tests iOS.xctest */ = {isa = PBXFileReference; explicitFileType = wrapper.cfbundle; includeInIndex = 0; path = "Tests iOS.xctest"; sourceTree = BUILT_PRODUCTS_DIR; };
		3C6EFC7C2796C00E00F0DA0F /* Tests_iOS.swift */ = {isa = PBXFileReference; lastKnownFileType = sourcecode.swift; path = Tests_iOS.swift; sourceTree = "<group>"; };
		3C6EFC7E2796C00E00F0DA0F /* Tests_iOSLaunchTests.swift */ = {isa = PBXFileReference; lastKnownFileType = sourcecode.swift; path = Tests_iOSLaunchTests.swift; sourceTree = "<group>"; };
		3C6EFC842796C00E00F0DA0F /* Tests macOS.xctest */ = {isa = PBXFileReference; explicitFileType = wrapper.cfbundle; includeInIndex = 0; path = "Tests macOS.xctest"; sourceTree = BUILT_PRODUCTS_DIR; };
		3C6EFC882796C00E00F0DA0F /* Tests_macOS.swift */ = {isa = PBXFileReference; lastKnownFileType = sourcecode.swift; path = Tests_macOS.swift; sourceTree = "<group>"; };
		3C6EFC8A2796C00E00F0DA0F /* Tests_macOSLaunchTests.swift */ = {isa = PBXFileReference; lastKnownFileType = sourcecode.swift; path = Tests_macOSLaunchTests.swift; sourceTree = "<group>"; };
/* End PBXFileReference section */

/* Begin PBXFrameworksBuildPhase section */
		3C6EFC682796C00D00F0DA0F /* Frameworks */ = {
			isa = PBXFrameworksBuildPhase;
			buildActionMask = 2147483647;
			files = (
			);
			runOnlyForDeploymentPostprocessing = 0;
		};
		3C6EFC6E2796C00E00F0DA0F /* Frameworks */ = {
			isa = PBXFrameworksBuildPhase;
			buildActionMask = 2147483647;
			files = (
			);
			runOnlyForDeploymentPostprocessing = 0;
		};
		3C6EFC752796C00E00F0DA0F /* Frameworks */ = {
			isa = PBXFrameworksBuildPhase;
			buildActionMask = 2147483647;
			files = (
			);
			runOnlyForDeploymentPostprocessing = 0;
		};
		3C6EFC812796C00E00F0DA0F /* Frameworks */ = {
			isa = PBXFrameworksBuildPhase;
			buildActionMask = 2147483647;
			files = (
			);
			runOnlyForDeploymentPostprocessing = 0;
		};
/* End PBXFrameworksBuildPhase section */

/* Begin PBXGroup section */
		3C6EFC5E2796C00C00F0DA0F = {
			isa = PBXGroup;
			children = (
				3C6EFC632796C00C00F0DA0F /* Shared */,
				3C6EFC722796C00E00F0DA0F /* macOS */,
				3C6EFC7B2796C00E00F0DA0F /* Tests iOS */,
				3C6EFC872796C00E00F0DA0F /* Tests macOS */,
				3C6EFC6C2796C00D00F0DA0F /* Products */,
			);
			sourceTree = "<group>";
		};
		3C6EFC632796C00C00F0DA0F /* Shared */ = {
			isa = PBXGroup;
			children = (
				3C6EFC642796C00C00F0DA0F /* CryptoCalcApp.swift */,
				3C6EFC652796C00C00F0DA0F /* ContentView.swift */,
				3C6EFC662796C00D00F0DA0F /* Assets.xcassets */,
			);
			path = Shared;
			sourceTree = "<group>";
		};
		3C6EFC6C2796C00D00F0DA0F /* Products */ = {
			isa = PBXGroup;
			children = (
				3C6EFC6B2796C00D00F0DA0F /* CryptoCalc.app */,
				3C6EFC712796C00E00F0DA0F /* CryptoCalc.app */,
				3C6EFC782796C00E00F0DA0F /* Tests iOS.xctest */,
				3C6EFC842796C00E00F0DA0F /* Tests macOS.xctest */,
			);
			name = Products;
			sourceTree = "<group>";
		};
		3C6EFC722796C00E00F0DA0F /* macOS */ = {
			isa = PBXGroup;
			children = (
				3C6EFC732796C00E00F0DA0F /* macOS.entitlements */,
			);
			path = macOS;
			sourceTree = "<group>";
		};
		3C6EFC7B2796C00E00F0DA0F /* Tests iOS */ = {
			isa = PBXGroup;
			children = (
				3C6EFC7C2796C00E00F0DA0F /* Tests_iOS.swift */,
				3C6EFC7E2796C00E00F0DA0F /* Tests_iOSLaunchTests.swift */,
			);
			path = "Tests iOS";
			sourceTree = "<group>";
		};
		3C6EFC872796C00E00F0DA0F /* Tests macOS */ = {
			isa = PBXGroup;
			children = (
				3C6EFC882796C00E00F0DA0F /* Tests_macOS.swift */,
				3C6EFC8A2796C00E00F0DA0F /* Tests_macOSLaunchTests.swift */,
			);
			path = "Tests macOS";
			sourceTree = "<group>";
		};
/* End PBXGroup section */

/* Begin PBXNativeTarget section */
		3C6EFC6A2796C00D00F0DA0F /* CryptoCalc (iOS) */ = {
			isa = PBXNativeTarget;
			buildConfigurationList = 3C6EFC942796C00E00F0DA0F /* Build configuration list for PBXNativeTarget "CryptoCalc (iOS)" */;
			buildPhases = (
				3C6EFC672796C00D00F0DA0F /* Sources */,
				3C6EFC682796C00D00F0DA0F /* Frameworks */,
				3C6EFC692796C00D00F0DA0F /* Resources */,
			);
			buildRules = (
			);
			dependencies = (
			);
			name = "CryptoCalc (iOS)";
			productName = "CryptoCalc (iOS)";
			productReference = 3C6EFC6B2796C00D00F0DA0F /* CryptoCalc.app */;
			productType = "com.apple.product-type.application";
		};
		3C6EFC702796C00E00F0DA0F /* CryptoCalc (macOS) */ = {
			isa = PBXNativeTarget;
			buildConfigurationList = 3C6EFC972796C00E00F0DA0F /* Build configuration list for PBXNativeTarget "CryptoCalc (macOS)" */;
			buildPhases = (
				3C6EFC6D2796C00E00F0DA0F /* Sources */,
				3C6EFC6E2796C00E00F0DA0F /* Frameworks */,
				3C6EFC6F2796C00E00F0DA0F /* Resources */,
			);
			buildRules = (
			);
			dependencies = (
			);
			name = "CryptoCalc (macOS)";
			productName = "CryptoCalc (macOS)";
			productReference = 3C6EFC712796C00E00F0DA0F /* CryptoCalc.app */;
			productType = "com.apple.product-type.application";
		};
		3C6EFC772796C00E00F0DA0F /* Tests iOS */ = {
			isa = PBXNativeTarget;
			buildConfigurationList = 3C6EFC9A2796C00E00F0DA0F /* Build configuration list for PBXNativeTarget "Tests iOS" */;
			buildPhases = (
				3C6EFC742796C00E00F0DA0F /* Sources */,
				3C6EFC752796C00E00F0DA0F /* Frameworks */,
				3C6EFC762796C00E00F0DA0F /* Resources */,
			);
			buildRules = (
			);
			dependencies = (
				3C6EFC7A2796C00E00F0DA0F /* PBXTargetDependency */,
			);
			name = "Tests iOS";
			productName = "Tests iOS";
			productReference = 3C6EFC782796C00E00F0DA0F /* Tests iOS.xctest */;
			productType = "com.apple.product-type.bundle.ui-testing";
		};
		3C6EFC832796C00E00F0DA0F /* Tests macOS */ = {
			isa = PBXNativeTarget;
			buildConfigurationList = 3C6EFC9D2796C00E00F0DA0F /* Build configuration list for PBXNativeTarget "Tests macOS" */;
			buildPhases = (
				3C6EFC802796C00E00F0DA0F /* Sources */,
				3C6EFC812796C00E00F0DA0F /* Frameworks */,
				3C6EFC822796C00E00F0DA0F /* Resources */,
			);
			buildRules = (
			);
			dependencies = (
				3C6EFC862796C00E00F0DA0F /* PBXTargetDependency */,
			);
			name = "Tests macOS";
			productName = "Tests macOS";
			productReference = 3C6EFC842796C00E00F0DA0F /* Tests macOS.xctest */;
			productType = "com.apple.product-type.bundle.ui-testing";
		};
/* End PBXNativeTarget section */

/* Begin PBXProject section */
		3C6EFC5F2796C00C00F0DA0F /* Project object */ = {
			isa = PBXProject;
			attributes = {
				BuildIndependentTargetsInParallel = 1;
				LastSwiftUpdateCheck = 1320;
				LastUpgradeCheck = 1320;
				TargetAttributes = {
					3C6EFC6A2796C00D00F0DA0F = {
						CreatedOnToolsVersion = 13.2.1;
					};
					3C6EFC702796C00E00F0DA0F = {
						CreatedOnToolsVersion = 13.2.1;
					};
					3C6EFC772796C00E00F0DA0F = {
						CreatedOnToolsVersion = 13.2.1;
						TestTargetID = 3C6EFC6A2796C00D00F0DA0F;
					};
					3C6EFC832796C00E00F0DA0F = {
						CreatedOnToolsVersion = 13.2.1;
						TestTargetID = 3C6EFC702796C00E00F0DA0F;
					};
				};
			};
			buildConfigurationList = 3C6EFC622796C00C00F0DA0F /* Build configuration list for PBXProject "CryptoCalc" */;
			compatibilityVersion = "Xcode 13.0";
			developmentRegion = en;
			hasScannedForEncodings = 0;
			knownRegions = (
				en,
				Base,
			);
			mainGroup = 3C6EFC5E2796C00C00F0DA0F;
			productRefGroup = 3C6EFC6C2796C00D00F0DA0F /* Products */;
			projectDirPath = "";
			projectRoot = "";
			targets = (
				3C6EFC6A2796C00D00F0DA0F /* CryptoCalc (iOS) */,
				3C6EFC702796C00E00F0DA0F /* CryptoCalc (macOS) */,
				3C6EFC772796C00E00F0DA0F /* Tests iOS */,
				3C6EFC832796C00E00F0DA0F /* Tests macOS */,
			);
		};
/* End PBXProject section */

/* Begin PBXResourcesBuildPhase section */
		3C6EFC692796C00D00F0DA0F /* Resources */ = {
			isa = PBXResourcesBuildPhase;
			buildActionMask = 2147483647;
			files = (
				3C6EFC902796C00E00F0DA0F /* Assets.xcassets in Resources */,
			);
			runOnlyForDeploymentPostprocessing = 0;
		};
		3C6EFC6F2796C00E00F0DA0F /* Resources */ = {
			isa = PBXResourcesBuildPhase;
			buildActionMask = 2147483647;
			files = (
				3C6EFC912796C00E00F0DA0F /* Assets.xcassets in Resources */,
			);
			runOnlyForDeploymentPostprocessing = 0;
		};
		3C6EFC762796C00E00F0DA0F /* Resources */ = {
			isa = PBXResourcesBuildPhase;
			buildActionMask = 2147483647;
			files = (
			);
			runOnlyForDeploymentPostprocessing = 0;
		};
		3C6EFC822796C00E00F0DA0F /* Resources */ = {
			isa = PBXResourcesBuildPhase;
			buildActionMask = 2147483647;
			files = (
			);
			runOnlyForDeploymentPostprocessing = 0;
		};
/* End PBXResourcesBuildPhase section */

/* Begin PBXSourcesBuildPhase section */
		3C6EFC672796C00D00F0DA0F /* Sources */ = {
			isa = PBXSourcesBuildPhase;
			buildActionMask = 2147483647;
			files = (
				3C6EFC8E2796C00E00F0DA0F /* ContentView.swift in Sources */,
				3C6EFC8C2796C00E00F0DA0F /* CryptoCalcApp.swift in Sources */,
			);
			runOnlyForDeploymentPostprocessing = 0;
		};
		3C6EFC6D2796C00E00F0DA0F /* Sources */ = {
			isa = PBXSourcesBuildPhase;
			buildActionMask = 2147483647;
			files = (
				3C6EFC8F2796C00E00F0DA0F /* ContentView.swift in Sources */,
				3C6EFC8D2796C00E00F0DA0F /* CryptoCalcApp.swift in Sources */,
			);
			runOnlyForDeploymentPostprocessing = 0;
		};
		3C6EFC742796C00E00F0DA0F /* Sources */ = {
			isa = PBXSourcesBuildPhase;
			buildActionMask = 2147483647;
			files = (
				3C6EFC7F2796C00E00F0DA0F /* Tests_iOSLaunchTests.swift in Sources */,
				3C6EFC7D2796C00E00F0DA0F /* Tests_iOS.swift in Sources */,
			);
			runOnlyForDeploymentPostprocessing = 0;
		};
		3C6EFC802796C00E00F0DA0F /* Sources */ = {
			isa = PBXSourcesBuildPhase;
			buildActionMask = 2147483647;
			files = (
				3C6EFC8B2796C00E00F0DA0F /* Tests_macOSLaunchTests.swift in Sources */,
				3C6EFC892796C00E00F0DA0F /* Tests_macOS.swift in Sources */,
			);
			runOnlyForDeploymentPostprocessing = 0;
		};
/* End PBXSourcesBuildPhase section */

/* Begin PBXTargetDependency section */
		3C6EFC7A2796C00E00F0DA0F /* PBXTargetDependency */ = {
			isa = PBXTargetDependency;
			target = 3C6EFC6A2796C00D00F0DA0F /* CryptoCalc (iOS) */;
			targetProxy = 3C6EFC792796C00E00F0DA0F /* PBXContainerItemProxy */;
		};
		3C6EFC862796C00E00F0DA0F /* PBXTargetDependency */ = {
			isa = PBXTargetDependency;
			target = 3C6EFC702796C00E00F0DA0F /* CryptoCalc (macOS) */;
			targetProxy = 3C6EFC852796C00E00F0DA0F /* PBXContainerItemProxy */;
		};
/* End PBXTargetDependency section */

/* Begin XCBuildConfiguration section */
		3C6EFC922796C00E00F0DA0F /* Debug */ = {
			isa = XCBuildConfiguration;
			buildSettings = {
				ALWAYS_SEARCH_USER_PATHS = NO;
				CLANG_ANALYZER_NONNULL = YES;
				CLANG_ANALYZER_NUMBER_OBJECT_CONVERSION = YES_AGGRESSIVE;
				CLANG_CXX_LANGUAGE_STANDARD = "gnu++17";
				CLANG_CXX_LIBRARY = "libc++";
				CLANG_ENABLE_MODULES = YES;
				CLANG_ENABLE_OBJC_ARC = YES;
				CLANG_ENABLE_OBJC_WEAK = YES;
				CLANG_WARN_BLOCK_CAPTURE_AUTORELEASING = YES;
				CLANG_WARN_BOOL_CONVERSION = YES;
				CLANG_WARN_COMMA = YES;
				CLANG_WARN_CONSTANT_CONVERSION = YES;
				CLANG_WARN_DEPRECATED_OBJC_IMPLEMENTATIONS = YES;
				CLANG_WARN_DIRECT_OBJC_ISA_USAGE = YES_ERROR;
				CLANG_WARN_DOCUMENTATION_COMMENTS = YES;
				CLANG_WARN_EMPTY_BODY = YES;
				CLANG_WARN_ENUM_CONVERSION = YES;
				CLANG_WARN_INFINITE_RECURSION = YES;
				CLANG_WARN_INT_CONVERSION = YES;
				CLANG_WARN_NON_LITERAL_NULL_CONVERSION = YES;
				CLANG_WARN_OBJC_IMPLICIT_RETAIN_SELF = YES;
				CLANG_WARN_OBJC_LITERAL_CONVERSION = YES;
				CLANG_WARN_OBJC_ROOT_CLASS = YES_ERROR;
				CLANG_WARN_QUOTED_INCLUDE_IN_FRAMEWORK_HEADER = YES;
				CLANG_WARN_RANGE_LOOP_ANALYSIS = YES;
				CLANG_WARN_STRICT_PROTOTYPES = YES;
				CLANG_WARN_SUSPICIOUS_MOVE = YES;
				CLANG_WARN_UNGUARDED_AVAILABILITY = YES_AGGRESSIVE;
				CLANG_WARN_UNREACHABLE_CODE = YES;
				CLANG_WARN__DUPLICATE_METHOD_MATCH = YES;
				COPY_PHASE_STRIP = NO;
				DEBUG_INFORMATION_FORMAT = dwarf;
				ENABLE_STRICT_OBJC_MSGSEND = YES;
				ENABLE_TESTABILITY = YES;
				GCC_C_LANGUAGE_STANDARD = gnu11;
				GCC_DYNAMIC_NO_PIC = NO;
				GCC_NO_COMMON_BLOCKS = YES;
				GCC_OPTIMIZATION_LEVEL = 0;
				GCC_PREPROCESSOR_DEFINITIONS = (
					"DEBUG=1",
					"$(inherited)",
				);
				GCC_WARN_64_TO_32_BIT_CONVERSION = YES;
				GCC_WARN_ABOUT_RETURN_TYPE = YES_ERROR;
				GCC_WARN_UNDECLARED_SELECTOR = YES;
				GCC_WARN_UNINITIALIZED_AUTOS = YES_AGGRESSIVE;
				GCC_WARN_UNUSED_FUNCTION = YES;
				GCC_WARN_UNUSED_VARIABLE = YES;
				MTL_ENABLE_DEBUG_INFO = INCLUDE_SOURCE;
				MTL_FAST_MATH = YES;
				ONLY_ACTIVE_ARCH = YES;
				SWIFT_ACTIVE_COMPILATION_CONDITIONS = DEBUG;
				SWIFT_OPTIMIZATION_LEVEL = "-Onone";
			};
			name = Debug;
		};
		3C6EFC932796C00E00F0DA0F /* Release */ = {
			isa = XCBuildConfiguration;
			buildSettings = {
				ALWAYS_SEARCH_USER_PATHS = NO;
				CLANG_ANALYZER_NONNULL = YES;
				CLANG_ANALYZER_NUMBER_OBJECT_CONVERSION = YES_AGGRESSIVE;
				CLANG_CXX_LANGUAGE_STANDARD = "gnu++17";
				CLANG_CXX_LIBRARY = "libc++";
				CLANG_ENABLE_MODULES = YES;
				CLANG_ENABLE_OBJC_ARC = YES;
				CLANG_ENABLE_OBJC_WEAK = YES;
				CLANG_WARN_BLOCK_CAPTURE_AUTORELEASING = YES;
				CLANG_WARN_BOOL_CONVERSION = YES;
				CLANG_WARN_COMMA = YES;
				CLANG_WARN_CONSTANT_CONVERSION = YES;
				CLANG_WARN_DEPRECATED_OBJC_IMPLEMENTATIONS = YES;
				CLANG_WARN_DIRECT_OBJC_ISA_USAGE = YES_ERROR;
				CLANG_WARN_DOCUMENTATION_COMMENTS = YES;
				CLANG_WARN_EMPTY_BODY = YES;
				CLANG_WARN_ENUM_CONVERSION = YES;
				CLANG_WARN_INFINITE_RECURSION = YES;
				CLANG_WARN_INT_CONVERSION = YES;
				CLANG_WARN_NON_LITERAL_NULL_CONVERSION = YES;
				CLANG_WARN_OBJC_IMPLICIT_RETAIN_SELF = YES;
				CLANG_WARN_OBJC_LITERAL_CONVERSION = YES;
				CLANG_WARN_OBJC_ROOT_CLASS = YES_ERROR;
				CLANG_WARN_QUOTED_INCLUDE_IN_FRAMEWORK_HEADER = YES;
				CLANG_WARN_RANGE_LOOP_ANALYSIS = YES;
				CLANG_WARN_STRICT_PROTOTYPES = YES;
				CLANG_WARN_SUSPICIOUS_MOVE = YES;
				CLANG_WARN_UNGUARDED_AVAILABILITY = YES_AGGRESSIVE;
				CLANG_WARN_UNREACHABLE_CODE = YES;
				CLANG_WARN__DUPLICATE_METHOD_MATCH = YES;
				COPY_PHASE_STRIP = NO;
				DEBUG_INFORMATION_FORMAT = "dwarf-with-dsym";
				ENABLE_NS_ASSERTIONS = NO;
				ENABLE_STRICT_OBJC_MSGSEND = YES;
				GCC_C_LANGUAGE_STANDARD = gnu11;
				GCC_NO_COMMON_BLOCKS = YES;
				GCC_WARN_64_TO_32_BIT_CONVERSION = YES;
				GCC_WARN_ABOUT_RETURN_TYPE = YES_ERROR;
				GCC_WARN_UNDECLARED_SELECTOR = YES;
				GCC_WARN_UNINITIALIZED_AUTOS = YES_AGGRESSIVE;
				GCC_WARN_UNUSED_FUNCTION = YES;
				GCC_WARN_UNUSED_VARIABLE = YES;
				MTL_ENABLE_DEBUG_INFO = NO;
				MTL_FAST_MATH = YES;
				SWIFT_COMPILATION_MODE = wholemodule;
				SWIFT_OPTIMIZATION_LEVEL = "-O";
			};
			name = Release;
		};
		3C6EFC952796C00E00F0DA0F /* Debug */ = {
			isa = XCBuildConfiguration;
			buildSettings = {
				ASSETCATALOG_COMPILER_APPICON_NAME = AppIcon;
				ASSETCATALOG_COMPILER_GLOBAL_ACCENT_COLOR_NAME = AccentColor;
				CODE_SIGN_STYLE = Automatic;
				CURRENT_PROJECT_VERSION = 1;
				DEVELOPMENT_TEAM = B4FXKBHXYA;
				ENABLE_PREVIEWS = YES;
				GENERATE_INFOPLIST_FILE = YES;
				INFOPLIST_KEY_UIApplicationSceneManifest_Generation = YES;
				INFOPLIST_KEY_UIApplicationSupportsIndirectInputEvents = YES;
				INFOPLIST_KEY_UILaunchScreen_Generation = YES;
				INFOPLIST_KEY_UISupportedInterfaceOrientations_iPad = "UIInterfaceOrientationPortrait UIInterfaceOrientationPortraitUpsideDown UIInterfaceOrientationLandscapeLeft UIInterfaceOrientationLandscapeRight";
				INFOPLIST_KEY_UISupportedInterfaceOrientations_iPhone = "UIInterfaceOrientationPortrait UIInterfaceOrientationLandscapeLeft UIInterfaceOrientationLandscapeRight";
				IPHONEOS_DEPLOYMENT_TARGET = 15.2;
				LD_RUNPATH_SEARCH_PATHS = (
					"$(inherited)",
					"@executable_path/Frameworks",
				);
				MARKETING_VERSION = 1.0;
				PRODUCT_BUNDLE_IDENTIFIER = AK.CryptoCalc;
				PRODUCT_NAME = CryptoCalc;
				SDKROOT = iphoneos;
				SWIFT_EMIT_LOC_STRINGS = YES;
				SWIFT_VERSION = 5.0;
				TARGETED_DEVICE_FAMILY = "1,2";
			};
			name = Debug;
		};
		3C6EFC962796C00E00F0DA0F /* Release */ = {
			isa = XCBuildConfiguration;
			buildSettings = {
				ASSETCATALOG_COMPILER_APPICON_NAME = AppIcon;
				ASSETCATALOG_COMPILER_GLOBAL_ACCENT_COLOR_NAME = AccentColor;
				CODE_SIGN_STYLE = Automatic;
				CURRENT_PROJECT_VERSION = 1;
				DEVELOPMENT_TEAM = B4FXKBHXYA;
				ENABLE_PREVIEWS = YES;
				GENERATE_INFOPLIST_FILE = YES;
				INFOPLIST_KEY_UIApplicationSceneManifest_Generation = YES;
				INFOPLIST_KEY_UIApplicationSupportsIndirectInputEvents = YES;
				INFOPLIST_KEY_UILaunchScreen_Generation = YES;
				INFOPLIST_KEY_UISupportedInterfaceOrientations_iPad = "UIInterfaceOrientationPortrait UIInterfaceOrientationPortraitUpsideDown UIInterfaceOrientationLandscapeLeft UIInterfaceOrientationLandscapeRight";
				INFOPLIST_KEY_UISupportedInterfaceOrientations_iPhone = "UIInterfaceOrientationPortrait UIInterfaceOrientationLandscapeLeft UIInterfaceOrientationLandscapeRight";
				IPHONEOS_DEPLOYMENT_TARGET = 15.2;
				LD_RUNPATH_SEARCH_PATHS = (
					"$(inherited)",
					"@executable_path/Frameworks",
				);
				MARKETING_VERSION = 1.0;
				PRODUCT_BUNDLE_IDENTIFIER = AK.CryptoCalc;
				PRODUCT_NAME = CryptoCalc;
				SDKROOT = iphoneos;
				SWIFT_EMIT_LOC_STRINGS = YES;
				SWIFT_VERSION = 5.0;
				TARGETED_DEVICE_FAMILY = "1,2";
				VALIDATE_PRODUCT = YES;
			};
			name = Release;
		};
		3C6EFC982796C00E00F0DA0F /* Debug */ = {
			isa = XCBuildConfiguration;
			buildSettings = {
				ASSETCATALOG_COMPILER_APPICON_NAME = AppIcon;
				ASSETCATALOG_COMPILER_GLOBAL_ACCENT_COLOR_NAME = AccentColor;
				CODE_SIGN_ENTITLEMENTS = macOS/macOS.entitlements;
				CODE_SIGN_STYLE = Automatic;
				COMBINE_HIDPI_IMAGES = YES;
				CURRENT_PROJECT_VERSION = 1;
				DEVELOPMENT_TEAM = B4FXKBHXYA;
				ENABLE_HARDENED_RUNTIME = YES;
				ENABLE_PREVIEWS = YES;
				GENERATE_INFOPLIST_FILE = YES;
				INFOPLIST_KEY_NSHumanReadableCopyright = "";
				LD_RUNPATH_SEARCH_PATHS = (
					"$(inherited)",
					"@executable_path/../Frameworks",
				);
				MACOSX_DEPLOYMENT_TARGET = 12.1;
				MARKETING_VERSION = 1.0;
				PRODUCT_BUNDLE_IDENTIFIER = AK.CryptoCalc;
				PRODUCT_NAME = CryptoCalc;
				SDKROOT = macosx;
				SWIFT_EMIT_LOC_STRINGS = YES;
				SWIFT_VERSION = 5.0;
			};
			name = Debug;
		};
		3C6EFC992796C00E00F0DA0F /* Release */ = {
			isa = XCBuildConfiguration;
			buildSettings = {
				ASSETCATALOG_COMPILER_APPICON_NAME = AppIcon;
				ASSETCATALOG_COMPILER_GLOBAL_ACCENT_COLOR_NAME = AccentColor;
				CODE_SIGN_ENTITLEMENTS = macOS/macOS.entitlements;
				CODE_SIGN_STYLE = Automatic;
				COMBINE_HIDPI_IMAGES = YES;
				CURRENT_PROJECT_VERSION = 1;
				DEVELOPMENT_TEAM = B4FXKBHXYA;
				ENABLE_HARDENED_RUNTIME = YES;
				ENABLE_PREVIEWS = YES;
				GENERATE_INFOPLIST_FILE = YES;
				INFOPLIST_KEY_NSHumanReadableCopyright = "";
				LD_RUNPATH_SEARCH_PATHS = (
					"$(inherited)",
					"@executable_path/../Frameworks",
				);
				MACOSX_DEPLOYMENT_TARGET = 12.1;
				MARKETING_VERSION = 1.0;
				PRODUCT_BUNDLE_IDENTIFIER = AK.CryptoCalc;
				PRODUCT_NAME = CryptoCalc;
				SDKROOT = macosx;
				SWIFT_EMIT_LOC_STRINGS = YES;
				SWIFT_VERSION = 5.0;
			};
			name = Release;
		};
		3C6EFC9B2796C00E00F0DA0F /* Debug */ = {
			isa = XCBuildConfiguration;
			buildSettings = {
				ALWAYS_EMBED_SWIFT_STANDARD_LIBRARIES = YES;
				CODE_SIGN_STYLE = Automatic;
				CURRENT_PROJECT_VERSION = 1;
				DEVELOPMENT_TEAM = B4FXKBHXYA;
				GENERATE_INFOPLIST_FILE = YES;
				IPHONEOS_DEPLOYMENT_TARGET = 15.2;
				MARKETING_VERSION = 1.0;
				PRODUCT_BUNDLE_IDENTIFIER = "AK.Tests-iOS";
				PRODUCT_NAME = "$(TARGET_NAME)";
				SDKROOT = iphoneos;
				SWIFT_EMIT_LOC_STRINGS = NO;
				SWIFT_VERSION = 5.0;
				TARGETED_DEVICE_FAMILY = "1,2";
				TEST_TARGET_NAME = "CryptoCalc (iOS)";
			};
			name = Debug;
		};
		3C6EFC9C2796C00E00F0DA0F /* Release */ = {
			isa = XCBuildConfiguration;
			buildSettings = {
				ALWAYS_EMBED_SWIFT_STANDARD_LIBRARIES = YES;
				CODE_SIGN_STYLE = Automatic;
				CURRENT_PROJECT_VERSION = 1;
				DEVELOPMENT_TEAM = B4FXKBHXYA;
				GENERATE_INFOPLIST_FILE = YES;
				IPHONEOS_DEPLOYMENT_TARGET = 15.2;
				MARKETING_VERSION = 1.0;
				PRODUCT_BUNDLE_IDENTIFIER = "AK.Tests-iOS";
				PRODUCT_NAME = "$(TARGET_NAME)";
				SDKROOT = iphoneos;
				SWIFT_EMIT_LOC_STRINGS = NO;
				SWIFT_VERSION = 5.0;
				TARGETED_DEVICE_FAMILY = "1,2";
				TEST_TARGET_NAME = "CryptoCalc (iOS)";
				VALIDATE_PRODUCT = YES;
			};
			name = Release;
		};
		3C6EFC9E2796C00E00F0DA0F /* Debug */ = {
			isa = XCBuildConfiguration;
			buildSettings = {
				ALWAYS_EMBED_SWIFT_STANDARD_LIBRARIES = YES;
				CODE_SIGN_STYLE = Automatic;
				CURRENT_PROJECT_VERSION = 1;
				DEVELOPMENT_TEAM = B4FXKBHXYA;
				GENERATE_INFOPLIST_FILE = YES;
				MACOSX_DEPLOYMENT_TARGET = 12.1;
				MARKETING_VERSION = 1.0;
				PRODUCT_BUNDLE_IDENTIFIER = "AK.Tests-macOS";
				PRODUCT_NAME = "$(TARGET_NAME)";
				SDKROOT = macosx;
				SWIFT_EMIT_LOC_STRINGS = NO;
				SWIFT_VERSION = 5.0;
				TEST_TARGET_NAME = "CryptoCalc (macOS)";
			};
			name = Debug;
		};
		3C6EFC9F2796C00E00F0DA0F /* Release */ = {
			isa = XCBuildConfiguration;
			buildSettings = {
				ALWAYS_EMBED_SWIFT_STANDARD_LIBRARIES = YES;
				CODE_SIGN_STYLE = Automatic;
				CURRENT_PROJECT_VERSION = 1;
				DEVELOPMENT_TEAM = B4FXKBHXYA;
				GENERATE_INFOPLIST_FILE = YES;
				MACOSX_DEPLOYMENT_TARGET = 12.1;
				MARKETING_VERSION = 1.0;
				PRODUCT_BUNDLE_IDENTIFIER = "AK.Tests-macOS";
				PRODUCT_NAME = "$(TARGET_NAME)";
				SDKROOT = macosx;
				SWIFT_EMIT_LOC_STRINGS = NO;
				SWIFT_VERSION = 5.0;
				TEST_TARGET_NAME = "CryptoCalc (macOS)";
			};
			name = Release;
		};
/* End XCBuildConfiguration section */

/* Begin XCConfigurationList section */
		3C6EFC622796C00C00F0DA0F /* Build configuration list for PBXProject "CryptoCalc" */ = {
			isa = XCConfigurationList;
			buildConfigurations = (
				3C6EFC922796C00E00F0DA0F /* Debug */,
				3C6EFC932796C00E00F0DA0F /* Release */,
			);
			defaultConfigurationIsVisible = 0;
			defaultConfigurationName = Release;
		};
		3C6EFC942796C00E00F0DA0F /* Build configuration list for PBXNativeTarget "CryptoCalc (iOS)" */ = {
			isa = XCConfigurationList;
			buildConfigurations = (
				3C6EFC952796C00E00F0DA0F /* Debug */,
				3C6EFC962796C00E00F0DA0F /* Release */,
			);
			defaultConfigurationIsVisible = 0;
			defaultConfigurationName = Release;
		};
		3C6EFC972796C00E00F0DA0F /* Build configuration list for PBXNativeTarget "CryptoCalc (macOS)" */ = {
			isa = XCConfigurationList;
			buildConfigurations = (
				3C6EFC982796C00E00F0DA0F /* Debug */,
				3C6EFC992796C00E00F0DA0F /* Release */,
			);
			defaultConfigurationIsVisible = 0;
			defaultConfigurationName = Release;
		};
		3C6EFC9A2796C00E00F0DA0F /* Build configuration list for PBXNativeTarget "Tests iOS" */ = {
			isa = XCConfigurationList;
			buildConfigurations = (
				3C6EFC9B2796C00E00F0DA0F /* Debug */,
				3C6EFC9C2796C00E00F0DA0F /* Release */,
			);
			defaultConfigurationIsVisible = 0;
			defaultConfigurationName = Release;
		};
		3C6EFC9D2796C00E00F0DA0F /* Build configuration list for PBXNativeTarget "Tests macOS" */ = {
			isa = XCConfigurationList;
			buildConfigurations = (
				3C6EFC9E2796C00E00F0DA0F /* Debug */,
				3C6EFC9F2796C00E00F0DA0F /* Release */,
			);
			defaultConfigurationIsVisible = 0;
			defaultConfigurationName = Release;
		};
/* End XCConfigurationList section */
	};
	rootObject = 3C6EFC5F2796C00C00F0DA0F /* Project object */;
}
